<?xml version="1.0" encoding="utf-8"?>
<Project ToolsVersion="4.0" xmlns="http://schemas.microsoft.com/developer/msbuild/2003">
  <ItemGroup>
    <Filter Include="ソース ファイル">
      <UniqueIdentifier>{4FC737F1-C7A5-4376-A066-2A32D752A2FF}</UniqueIdentifier>
      <Extensions>cpp;c;cc;cxx;def;odl;idl;hpj;bat;asm;asmx</Extensions>
    </Filter>
    <Filter Include="ヘッダー ファイル">
      <UniqueIdentifier>{93995380-89BD-4b04-88EB-625FBE52EBFB}</UniqueIdentifier>
      <Extensions>h;hh;hpp;hxx;hm;inl;inc;xsd</Extensions>
    </Filter>
    <Filter Include="リソース ファイル">
      <UniqueIdentifier>{67DA6AB6-F800-4c08-8B7A-83BB121AAD01}</UniqueIdentifier>
      <Extensions>rc;ico;cur;bmp;dlg;rc2;rct;bin;rgs;gif;jpg;jpeg;jpe;resx;tiff;tif;png;wav;mfcribbon-ms</Extensions>
    </Filter>
    <Filter Include="snStudy">
      <UniqueIdentifier>{48506aa3-c961-4558-8f1c-0a1d6e52ee18}</UniqueIdentifier>
    </Filter>
    <Filter Include="依存">
      <UniqueIdentifier>{3540b8fd-1d5c-4479-a3d2-0c423dd28204}</UniqueIdentifier>
    </Filter>
  </ItemGroup>
  <ItemGroup>
    <ClCompile Include="main.cpp">
      <Filter>ソース ファイル</Filter>
    </ClCompile>
    <ClCompile Include="CSceneX.cpp">
      <Filter>依存</Filter>
    </ClCompile>
    <ClCompile Include="CMotionModel.cpp">
      <Filter>依存</Filter>
    </ClCompile>
    <ClCompile Include="DebugProc.cpp">
      <Filter>ソース ファイル</Filter>
    </ClCompile>
    <ClCompile Include="Input.cpp">
      <Filter>ソース ファイル</Filter>
    </ClCompile>
    <ClCompile Include="snStudy\snDrawElements.cpp">
      <Filter>snStudy</Filter>
    </ClCompile>
    <ClCompile Include="snStudy\snRenderingManager.cpp">
      <Filter>snStudy</Filter>
    </ClCompile>
    <ClCompile Include="snStudy\snSimplePrimitivePolygon2D.cpp">
      <Filter>snStudy</Filter>
    </ClCompile>
    <ClCompile Include="snStudy\snTextureManager.cpp">
      <Filter>snStudy</Filter>
    </ClCompile>
    <ClCompile Include="snStudy\snUpdateElements.cpp">
      <Filter>snStudy</Filter>
    </ClCompile>
    <ClCompile Include="CAnimatiom.cpp">
      <Filter>依存</Filter>
    </ClCompile>
  </ItemGroup>
  <ItemGroup>
    <ClInclude Include="main.h">
      <Filter>ヘッダー ファイル</Filter>
    </ClInclude>
    <ClInclude Include="CSceneX.h">
      <Filter>依存</Filter>
    </ClInclude>
    <ClInclude Include="CMotionModel.h">
      <Filter>依存</Filter>
    </ClInclude>
    <ClInclude Include="DebugProc.h">
      <Filter>ヘッダー ファイル</Filter>
    </ClInclude>
    <ClInclude Include="Input.h">
      <Filter>ヘッダー ファイル</Filter>
    </ClInclude>
    <ClInclude Include="snStudy\snDrawElements.h">
      <Filter>snStudy</Filter>
    </ClInclude>
    <ClInclude Include="snStudy\snRenderingManager.h">
      <Filter>snStudy</Filter>
    </ClInclude>
    <ClInclude Include="snStudy\snSimplePrimitivePolygon2D.h">
      <Filter>snStudy</Filter>
    </ClInclude>
    <ClInclude Include="snStudy\snStudy.h">
      <Filter>snStudy</Filter>
    </ClInclude>
    <ClInclude Include="snStudy\snTextureManager.h">
      <Filter>snStudy</Filter>
    </ClInclude>
    <ClInclude Include="snStudy\snUpdateElements.h">
      <Filter>snStudy</Filter>
    </ClInclude>
    <ClInclude Include="CAnimatiom.h">
      <Filter>依存</Filter>
    </ClInclude>
  </ItemGroup>
</Project>